Microsoft Visual Studio Solution File, Format Version 12.00
# Visual Studio 15
VisualStudioVersion = 15.0.28307.645
MinimumVisualStudioVersion = 10.0.40219.1
Project("{FAE04EC0-301F-11D3-BF4B-00C04F79EFBC}") = "CedMod-Main", "CedMod-Main.csproj", "{B404BA59-5C33-41DC-8FEE-0F10F087089D}"
EndProject
Global
	GlobalSection(SolutionConfigurationPlatforms) = preSolution
		Debug|Any CPU = Debug|Any CPU
		Release|Any CPU = Release|Any CPU
	EndGlobalSection
	GlobalSection(ProjectConfigurationPlatforms) = postSolution
		{B404BA59-5C33-41DC-8FEE-0F10F087089D}.Debug|Any CPU.ActiveCfg = Debug|Any CPU
		{B404BA59-5C33-41DC-8FEE-0F10F087089D}.Debug|Any CPU.Build.0 = Debug|Any CPU
		{B404BA59-5C33-41DC-8FEE-0F10F087089D}.Release|Any CPU.ActiveCfg = Release|Any CPU
		{B404BA59-5C33-41DC-8FEE-0F10F087089D}.Release|Any CPU.Build.0 = Release|Any CPU
	EndGlobalSection
	GlobalSection(SolutionProperties) = preSolution
		HideSolutionNode = FALSE
	EndGlobalSection
	GlobalSection(ExtensibilityGlobals) = postSolution
		SolutionGuid = {804FCAB2-81D5-4ABD-BD5A-384E4807240F}
	EndGlobalSection
EndGlobal
